
Microsoft Visual Studio Solution File, Format Version 12.00
# Visual Studio 14
VisualStudioVersion = 14.0.23107.0
MinimumVisualStudioVersion = 10.0.40219.1
Project("{FAE04EC0-301F-11D3-BF4B-00C04F79EFBC}") = "NeonShooter", "NeonShooter\NeonShooter.csproj", "{EF2E5776-C5ED-4C78-8AE7-BB7FE92A8FEC}"
EndProject
Global
	GlobalSection(SolutionConfigurationPlatforms) = preSolution
		Debug|Any CPU = Debug|Any CPU
		Kontur 2.0|Any CPU = Kontur 2.0|Any CPU
		Release|Any CPU = Release|Any CPU
	EndGlobalSection
	GlobalSection(ProjectConfigurationPlatforms) = postSolution
		{EF2E5776-C5ED-4C78-8AE7-BB7FE92A8FEC}.Debug|Any CPU.ActiveCfg = Debug|Any CPU
		{EF2E5776-C5ED-4C78-8AE7-BB7FE92A8FEC}.Debug|Any CPU.Build.0 = Debug|Any CPU
		{EF2E5776-C5ED-4C78-8AE7-BB7FE92A8FEC}.Debug|Any CPU.Deploy.0 = Debug|Any CPU
		{EF2E5776-C5ED-4C78-8AE7-BB7FE92A8FEC}.Kontur 2.0|Any CPU.ActiveCfg = Kontur 2.0|Any CPU
		{EF2E5776-C5ED-4C78-8AE7-BB7FE92A8FEC}.Kontur 2.0|Any CPU.Build.0 = Kontur 2.0|Any CPU
		{EF2E5776-C5ED-4C78-8AE7-BB7FE92A8FEC}.Kontur 2.0|Any CPU.Deploy.0 = Kontur 2.0|Any CPU
		{EF2E5776-C5ED-4C78-8AE7-BB7FE92A8FEC}.Release|Any CPU.ActiveCfg = Release|Any CPU
		{EF2E5776-C5ED-4C78-8AE7-BB7FE92A8FEC}.Release|Any CPU.Build.0 = Release|Any CPU
		{EF2E5776-C5ED-4C78-8AE7-BB7FE92A8FEC}.Release|Any CPU.Deploy.0 = Release|Any CPU
	EndGlobalSection
	GlobalSection(SolutionProperties) = preSolution
		HideSolutionNode = FALSE
	EndGlobalSection
EndGlobal
